
Microsoft Visual Studio Solution File, Format Version 12.00
# Visual Studio Version 17
VisualStudioVersion = 17.14.36616.10 d17.14
MinimumVisualStudioVersion = 10.0.40219.1
Project("{FAE04EC0-301F-11D3-BF4B-00C04F79EFBC}") = "Kaizen", "Kaizen.csproj", "{08EECEB0-76C9-4AD2-839B-DCE9E68DACE8}"
EndProject
Global
	GlobalSection(SolutionConfigurationPlatforms) = preSolution
		Debug|Any CPU = Debug|Any CPU
		Release|Any CPU = Release|Any CPU
	EndGlobalSection
	GlobalSection(ProjectConfigurationPlatforms) = postSolution
		{08EECEB0-76C9-4AD2-839B-DCE9E68DACE8}.Debug|Any CPU.ActiveCfg = Debug|Any CPU
		{08EECEB0-76C9-4AD2-839B-DCE9E68DACE8}.Debug|Any CPU.Build.0 = Debug|Any CPU
		{08EECEB0-76C9-4AD2-839B-DCE9E68DACE8}.Release|Any CPU.ActiveCfg = Release|Any CPU
		{08EECEB0-76C9-4AD2-839B-DCE9E68DACE8}.Release|Any CPU.Build.0 = Release|Any CPU
	EndGlobalSection
	GlobalSection(SolutionProperties) = preSolution
		HideSolutionNode = FALSE
	EndGlobalSection
	GlobalSection(ExtensibilityGlobals) = postSolution
		SolutionGuid = {29A10483-CCC0-4057-9D52-8C3C2A3AFDFD}
	EndGlobalSection
EndGlobal
